
Microsoft Visual Studio Solution File, Format Version 12.00
# Visual Studio 15
VisualStudioVersion = 15.0.27703.2000
MinimumVisualStudioVersion = 10.0.40219.1
Project("{FAE04EC0-301F-11D3-BF4B-00C04F79EFBC}") = "MccarthyMeasurmentWeb", "MccarthyMeasurmentWeb\MccarthyMeasurmentWeb.csproj", "{DC317496-03E3-4067-BDA6-41ED79D6B98E}"
EndProject
Project("{FAE04EC0-301F-11D3-BF4B-00C04F79EFBC}") = "MccathyDataAccessLayer", "MccathyDataAccessLayer\MccathyDataAccessLayer.csproj", "{BD6CB2EF-2242-494B-AFE8-115D7DCC85C4}"
EndProject
Project("{FAE04EC0-301F-11D3-BF4B-00C04F79EFBC}") = "McarthyDataEntity", "McarthyDataModel\McarthyDataEntity.csproj", "{857368B6-4718-48F5-BF7A-EC2C945A3988}"
EndProject
Project("{FAE04EC0-301F-11D3-BF4B-00C04F79EFBC}") = "MccarthyMeasurementService", "MccarthyMeasurementService\MccarthyMeasurementService.csproj", "{BB3C89B3-244E-4737-AC54-8554CA4E9439}"
EndProject
Project("{FAE04EC0-301F-11D3-BF4B-00C04F79EFBC}") = "McCarthyMeasurementViewDomain", "McCarthyMeasurementViewDomain\McCarthyMeasurementViewDomain.csproj", "{A33B7DCC-E6D5-4406-8144-F45BBC02F4DE}"
EndProject
Global
	GlobalSection(SolutionConfigurationPlatforms) = preSolution
		Debug|Any CPU = Debug|Any CPU
		Release|Any CPU = Release|Any CPU
	EndGlobalSection
	GlobalSection(ProjectConfigurationPlatforms) = postSolution
		{DC317496-03E3-4067-BDA6-41ED79D6B98E}.Debug|Any CPU.ActiveCfg = Debug|Any CPU
		{DC317496-03E3-4067-BDA6-41ED79D6B98E}.Debug|Any CPU.Build.0 = Debug|Any CPU
		{DC317496-03E3-4067-BDA6-41ED79D6B98E}.Release|Any CPU.ActiveCfg = Release|Any CPU
		{DC317496-03E3-4067-BDA6-41ED79D6B98E}.Release|Any CPU.Build.0 = Release|Any CPU
		{BD6CB2EF-2242-494B-AFE8-115D7DCC85C4}.Debug|Any CPU.ActiveCfg = Debug|Any CPU
		{BD6CB2EF-2242-494B-AFE8-115D7DCC85C4}.Debug|Any CPU.Build.0 = Debug|Any CPU
		{BD6CB2EF-2242-494B-AFE8-115D7DCC85C4}.Release|Any CPU.ActiveCfg = Release|Any CPU
		{BD6CB2EF-2242-494B-AFE8-115D7DCC85C4}.Release|Any CPU.Build.0 = Release|Any CPU
		{857368B6-4718-48F5-BF7A-EC2C945A3988}.Debug|Any CPU.ActiveCfg = Debug|Any CPU
		{857368B6-4718-48F5-BF7A-EC2C945A3988}.Debug|Any CPU.Build.0 = Debug|Any CPU
		{857368B6-4718-48F5-BF7A-EC2C945A3988}.Release|Any CPU.ActiveCfg = Release|Any CPU
		{857368B6-4718-48F5-BF7A-EC2C945A3988}.Release|Any CPU.Build.0 = Release|Any CPU
		{BB3C89B3-244E-4737-AC54-8554CA4E9439}.Debug|Any CPU.ActiveCfg = Debug|Any CPU
		{BB3C89B3-244E-4737-AC54-8554CA4E9439}.Debug|Any CPU.Build.0 = Debug|Any CPU
		{BB3C89B3-244E-4737-AC54-8554CA4E9439}.Release|Any CPU.ActiveCfg = Release|Any CPU
		{BB3C89B3-244E-4737-AC54-8554CA4E9439}.Release|Any CPU.Build.0 = Release|Any CPU
		{A33B7DCC-E6D5-4406-8144-F45BBC02F4DE}.Debug|Any CPU.ActiveCfg = Debug|Any CPU
		{A33B7DCC-E6D5-4406-8144-F45BBC02F4DE}.Debug|Any CPU.Build.0 = Debug|Any CPU
		{A33B7DCC-E6D5-4406-8144-F45BBC02F4DE}.Release|Any CPU.ActiveCfg = Release|Any CPU
		{A33B7DCC-E6D5-4406-8144-F45BBC02F4DE}.Release|Any CPU.Build.0 = Release|Any CPU
	EndGlobalSection
	GlobalSection(SolutionProperties) = preSolution
		HideSolutionNode = FALSE
	EndGlobalSection
	GlobalSection(ExtensibilityGlobals) = postSolution
		SolutionGuid = {38A8E990-D5B3-4A5B-944C-1F667F173E23}
	EndGlobalSection
EndGlobal
